// !$*UTF8*$!
{
	archiveVersion = 1;
	classes = {
	};
	objectVersion = 56;
	objects = {

/* Begin PBXBuildFile section */
		A517D7E12B9F9EEF006F6544 /* MailDropperApp.swift in Sources */ = {isa = PBXBuildFile; fileRef = A517D7E02B9F9EEF006F6544 /* MailDropperApp.swift */; };
		A517D7E32B9F9EEF006F6544 /* ContentView.swift in Sources */ = {isa = PBXBuildFile; fileRef = A517D7E22B9F9EEF006F6544 /* ContentView.swift */; };
		A517D7E52B9F9EF0006F6544 /* Assets.xcassets in Resources */ = {isa = PBXBuildFile; fileRef = A517D7E42B9F9EF0006F6544 /* Assets.xcassets */; };
		A517D7E82B9F9EF0006F6544 /* Preview Assets.xcassets in Resources */ = {isa = PBXBuildFile; fileRef = A517D7E72B9F9EF0006F6544 /* Preview Assets.xcassets */; };
		A517D7F02B9FB498006F6544 /* MimeParser in Frameworks */ = {isa = PBXBuildFile; productRef = A517D7EF2B9FB498006F6544 /* MimeParser */; };
		A57D54942B9FCFCE007D84D2 /* String+Mime.swift in Sources */ = {isa = PBXBuildFile; fileRef = A57D54932B9FCFCE007D84D2 /* String+Mime.swift */; };
/* End PBXBuildFile section */

/* Begin PBXFileReference section */
		A517D7DD2B9F9EEF006F6544 /* MailDropper.app */ = {isa = PBXFileReference; explicitFileType = wrapper.application; includeInIndex = 0; path = MailDropper.app; sourceTree = BUILT_PRODUCTS_DIR; };
		A517D7E02B9F9EEF006F6544 /* MailDropperApp.swift */ = {isa = PBXFileReference; lastKnownFileType = sourcecode.swift; path = MailDropperApp.swift; sourceTree = "<group>"; };
		A517D7E22B9F9EEF006F6544 /* ContentView.swift */ = {isa = PBXFileReference; lastKnownFileType = sourcecode.swift; path = ContentView.swift; sourceTree = "<group>"; };
		A517D7E42B9F9EF0006F6544 /* Assets.xcassets */ = {isa = PBXFileReference; lastKnownFileType = folder.assetcatalog; path = Assets.xcassets; sourceTree = "<group>"; };
		A517D7E72B9F9EF0006F6544 /* Preview Assets.xcassets */ = {isa = PBXFileReference; lastKnownFileType = folder.assetcatalog; path = "Preview Assets.xcassets"; sourceTree = "<group>"; };
		A57D54932B9FCFCE007D84D2 /* String+Mime.swift */ = {isa = PBXFileReference; lastKnownFileType = sourcecode.swift; path = "String+Mime.swift"; sourceTree = "<group>"; };
/* End PBXFileReference section */

/* Begin PBXFrameworksBuildPhase section */
		A517D7DA2B9F9EEF006F6544 /* Frameworks */ = {
			isa = PBXFrameworksBuildPhase;
			buildActionMask = 2147483647;
			files = (
				A517D7F02B9FB498006F6544 /* MimeParser in Frameworks */,
			);
			runOnlyForDeploymentPostprocessing = 0;
		};
/* End PBXFrameworksBuildPhase section */

/* Begin PBXGroup section */
		A517D7D42B9F9EEF006F6544 = {
			isa = PBXGroup;
			children = (
				A517D7DF2B9F9EEF006F6544 /* MailDropper */,
				A517D7DE2B9F9EEF006F6544 /* Products */,
			);
			sourceTree = "<group>";
		};
		A517D7DE2B9F9EEF006F6544 /* Products */ = {
			isa = PBXGroup;
			children = (
				A517D7DD2B9F9EEF006F6544 /* MailDropper.app */,
			);
			name = Products;
			sourceTree = "<group>";
		};
		A517D7DF2B9F9EEF006F6544 /* MailDropper */ = {
			isa = PBXGroup;
			children = (
				A517D7E02B9F9EEF006F6544 /* MailDropperApp.swift */,
				A517D7E22B9F9EEF006F6544 /* ContentView.swift */,
				A57D54932B9FCFCE007D84D2 /* String+Mime.swift */,
				A517D7E42B9F9EF0006F6544 /* Assets.xcassets */,
				A517D7E62B9F9EF0006F6544 /* Preview Content */,
			);
			path = MailDropper;
			sourceTree = "<group>";
		};
		A517D7E62B9F9EF0006F6544 /* Preview Content */ = {
			isa = PBXGroup;
			children = (
				A517D7E72B9F9EF0006F6544 /* Preview Assets.xcassets */,
			);
			path = "Preview Content";
			sourceTree = "<group>";
		};
/* End PBXGroup section */

/* Begin PBXNativeTarget section */
		A517D7DC2B9F9EEF006F6544 /* MailDropper */ = {
			isa = PBXNativeTarget;
			buildConfigurationList = A517D7EB2B9F9EF0006F6544 /* Build configuration list for PBXNativeTarget "MailDropper" */;
			buildPhases = (
				A517D7D92B9F9EEF006F6544 /* Sources */,
				A517D7DA2B9F9EEF006F6544 /* Frameworks */,
				A517D7DB2B9F9EEF006F6544 /* Resources */,
			);
			buildRules = (
			);
			dependencies = (
			);
			name = MailDropper;
			packageProductDependencies = (
				A517D7EF2B9FB498006F6544 /* MimeParser */,
			);
			productName = MailDropper;
			productReference = A517D7DD2B9F9EEF006F6544 /* MailDropper.app */;
			productType = "com.apple.product-type.application";
		};
/* End PBXNativeTarget section */

/* Begin PBXProject section */
		A517D7D52B9F9EEF006F6544 /* Project object */ = {
			isa = PBXProject;
			attributes = {
				BuildIndependentTargetsInParallel = 1;
				LastSwiftUpdateCheck = 1530;
				LastUpgradeCheck = 1530;
				TargetAttributes = {
					A517D7DC2B9F9EEF006F6544 = {
						CreatedOnToolsVersion = 15.3;
					};
				};
			};
			buildConfigurationList = A517D7D82B9F9EEF006F6544 /* Build configuration list for PBXProject "MailDropper" */;
			compatibilityVersion = "Xcode 14.0";
			developmentRegion = en;
			hasScannedForEncodings = 0;
			knownRegions = (
				en,
				Base,
			);
			mainGroup = A517D7D42B9F9EEF006F6544;
			packageReferences = (
				A517D7EE2B9FB498006F6544 /* XCRemoteSwiftPackageReference "MimeParser" */,
			);
			productRefGroup = A517D7DE2B9F9EEF006F6544 /* Products */;
			projectDirPath = "";
			projectRoot = "";
			targets = (
				A517D7DC2B9F9EEF006F6544 /* MailDropper */,
			);
		};
/* End PBXProject section */

/* Begin PBXResourcesBuildPhase section */
		A517D7DB2B9F9EEF006F6544 /* Resources */ = {
			isa = PBXResourcesBuildPhase;
			buildActionMask = 2147483647;
			files = (
				A517D7E82B9F9EF0006F6544 /* Preview Assets.xcassets in Resources */,
				A517D7E52B9F9EF0006F6544 /* Assets.xcassets in Resources */,
			);
			runOnlyForDeploymentPostprocessing = 0;
		};
/* End PBXResourcesBuildPhase section */

/* Begin PBXSourcesBuildPhase section */
		A517D7D92B9F9EEF006F6544 /* Sources */ = {
			isa = PBXSourcesBuildPhase;
			buildActionMask = 2147483647;
			files = (
				A517D7E32B9F9EEF006F6544 /* ContentView.swift in Sources */,
				A517D7E12B9F9EEF006F6544 /* MailDropperApp.swift in Sources */,
				A57D54942B9FCFCE007D84D2 /* String+Mime.swift in Sources */,
			);
			runOnlyForDeploymentPostprocessing = 0;
		};
/* End PBXSourcesBuildPhase section */

/* Begin XCBuildConfiguration section */
		A517D7E92B9F9EF0006F6544 /* Debug */ = {
			isa = XCBuildConfiguration;
			buildSettings = {
				ALWAYS_SEARCH_USER_PATHS = NO;
				ASSETCATALOG_COMPILER_GENERATE_SWIFT_ASSET_SYMBOL_EXTENSIONS = YES;
				CLANG_ANALYZER_NONNULL = YES;
				CLANG_ANALYZER_NUMBER_OBJECT_CONVERSION = YES_AGGRESSIVE;
				CLANG_CXX_LANGUAGE_STANDARD = "gnu++20";
				CLANG_ENABLE_MODULES = YES;
				CLANG_ENABLE_OBJC_ARC = YES;
				CLANG_ENABLE_OBJC_WEAK = YES;
				CLANG_WARN_BLOCK_CAPTURE_AUTORELEASING = YES;
				CLANG_WARN_BOOL_CONVERSION = YES;
				CLANG_WARN_COMMA = YES;
				CLANG_WARN_CONSTANT_CONVERSION = YES;
				CLANG_WARN_DEPRECATED_OBJC_IMPLEMENTATIONS = YES;
				CLANG_WARN_DIRECT_OBJC_ISA_USAGE = YES_ERROR;
				CLANG_WARN_DOCUMENTATION_COMMENTS = YES;
				CLANG_WARN_EMPTY_BODY = YES;
				CLANG_WARN_ENUM_CONVERSION = YES;
				CLANG_WARN_INFINITE_RECURSION = YES;
				CLANG_WARN_INT_CONVERSION = YES;
				CLANG_WARN_NON_LITERAL_NULL_CONVERSION = YES;
				CLANG_WARN_OBJC_IMPLICIT_RETAIN_SELF = YES;
				CLANG_WARN_OBJC_LITERAL_CONVERSION = YES;
				CLANG_WARN_OBJC_ROOT_CLASS = YES_ERROR;
				CLANG_WARN_QUOTED_INCLUDE_IN_FRAMEWORK_HEADER = YES;
				CLANG_WARN_RANGE_LOOP_ANALYSIS = YES;
				CLANG_WARN_STRICT_PROTOTYPES = YES;
				CLANG_WARN_SUSPICIOUS_MOVE = YES;
				CLANG_WARN_UNGUARDED_AVAILABILITY = YES_AGGRESSIVE;
				CLANG_WARN_UNREACHABLE_CODE = YES;
				CLANG_WARN__DUPLICATE_METHOD_MATCH = YES;
				COPY_PHASE_STRIP = NO;
				DEBUG_INFORMATION_FORMAT = dwarf;
				ENABLE_STRICT_OBJC_MSGSEND = YES;
				ENABLE_TESTABILITY = YES;
				ENABLE_USER_SCRIPT_SANDBOXING = YES;
				GCC_C_LANGUAGE_STANDARD = gnu17;
				GCC_DYNAMIC_NO_PIC = NO;
				GCC_NO_COMMON_BLOCKS = YES;
				GCC_OPTIMIZATION_LEVEL = 0;
				GCC_PREPROCESSOR_DEFINITIONS = (
					"DEBUG=1",
					"$(inherited)",
				);
				GCC_WARN_64_TO_32_BIT_CONVERSION = YES;
				GCC_WARN_ABOUT_RETURN_TYPE = YES_ERROR;
				GCC_WARN_UNDECLARED_SELECTOR = YES;
				GCC_WARN_UNINITIALIZED_AUTOS = YES_AGGRESSIVE;
				GCC_WARN_UNUSED_FUNCTION = YES;
				GCC_WARN_UNUSED_VARIABLE = YES;
				IPHONEOS_DEPLOYMENT_TARGET = 17.4;
				LOCALIZATION_PREFERS_STRING_CATALOGS = YES;
				MTL_ENABLE_DEBUG_INFO = INCLUDE_SOURCE;
				MTL_FAST_MATH = YES;
				ONLY_ACTIVE_ARCH = YES;
				SDKROOT = iphoneos;
				SWIFT_ACTIVE_COMPILATION_CONDITIONS = "DEBUG $(inherited)";
				SWIFT_OPTIMIZATION_LEVEL = "-Onone";
			};
			name = Debug;
		};
		A517D7EA2B9F9EF0006F6544 /* Release */ = {
			isa = XCBuildConfiguration;
			buildSettings = {
				ALWAYS_SEARCH_USER_PATHS = NO;
				ASSETCATALOG_COMPILER_GENERATE_SWIFT_ASSET_SYMBOL_EXTENSIONS = YES;
				CLANG_ANALYZER_NONNULL = YES;
				CLANG_ANALYZER_NUMBER_OBJECT_CONVERSION = YES_AGGRESSIVE;
				CLANG_CXX_LANGUAGE_STANDARD = "gnu++20";
				CLANG_ENABLE_MODULES = YES;
				CLANG_ENABLE_OBJC_ARC = YES;
				CLANG_ENABLE_OBJC_WEAK = YES;
				CLANG_WARN_BLOCK_CAPTURE_AUTORELEASING = YES;
				CLANG_WARN_BOOL_CONVERSION = YES;
				CLANG_WARN_COMMA = YES;
				CLANG_WARN_CONSTANT_CONVERSION = YES;
				CLANG_WARN_DEPRECATED_OBJC_IMPLEMENTATIONS = YES;
				CLANG_WARN_DIRECT_OBJC_ISA_USAGE = YES_ERROR;
				CLANG_WARN_DOCUMENTATION_COMMENTS = YES;
				CLANG_WARN_EMPTY_BODY = YES;
				CLANG_WARN_ENUM_CONVERSION = YES;
				CLANG_WARN_INFINITE_RECURSION = YES;
				CLANG_WARN_INT_CONVERSION = YES;
				CLANG_WARN_NON_LITERAL_NULL_CONVERSION = YES;
				CLANG_WARN_OBJC_IMPLICIT_RETAIN_SELF = YES;
				CLANG_WARN_OBJC_LITERAL_CONVERSION = YES;
				CLANG_WARN_OBJC_ROOT_CLASS = YES_ERROR;
				CLANG_WARN_QUOTED_INCLUDE_IN_FRAMEWORK_HEADER = YES;
				CLANG_WARN_RANGE_LOOP_ANALYSIS = YES;
				CLANG_WARN_STRICT_PROTOTYPES = YES;
				CLANG_WARN_SUSPICIOUS_MOVE = YES;
				CLANG_WARN_UNGUARDED_AVAILABILITY = YES_AGGRESSIVE;
				CLANG_WARN_UNREACHABLE_CODE = YES;
				CLANG_WARN__DUPLICATE_METHOD_MATCH = YES;
				COPY_PHASE_STRIP = NO;
				DEBUG_INFORMATION_FORMAT = "dwarf-with-dsym";
				ENABLE_NS_ASSERTIONS = NO;
				ENABLE_STRICT_OBJC_MSGSEND = YES;
				ENABLE_USER_SCRIPT_SANDBOXING = YES;
				GCC_C_LANGUAGE_STANDARD = gnu17;
				GCC_NO_COMMON_BLOCKS = YES;
				GCC_WARN_64_TO_32_BIT_CONVERSION = YES;
				GCC_WARN_ABOUT_RETURN_TYPE = YES_ERROR;
				GCC_WARN_UNDECLARED_SELECTOR = YES;
				GCC_WARN_UNINITIALIZED_AUTOS = YES_AGGRESSIVE;
				GCC_WARN_UNUSED_FUNCTION = YES;
				GCC_WARN_UNUSED_VARIABLE = YES;
				IPHONEOS_DEPLOYMENT_TARGET = 17.4;
				LOCALIZATION_PREFERS_STRING_CATALOGS = YES;
				MTL_ENABLE_DEBUG_INFO = NO;
				MTL_FAST_MATH = YES;
				SDKROOT = iphoneos;
				SWIFT_COMPILATION_MODE = wholemodule;
				VALIDATE_PRODUCT = YES;
			};
			name = Release;
		};
		A517D7EC2B9F9EF0006F6544 /* Debug */ = {
			isa = XCBuildConfiguration;
			buildSettings = {
				ASSETCATALOG_COMPILER_APPICON_NAME = AppIcon;
				ASSETCATALOG_COMPILER_GLOBAL_ACCENT_COLOR_NAME = AccentColor;
				CODE_SIGN_STYLE = Automatic;
				CURRENT_PROJECT_VERSION = 1;
				DEVELOPMENT_ASSET_PATHS = "\"MailDropper/Preview Content\"";
				DEVELOPMENT_TEAM = Z7S6X96M3X;
				ENABLE_PREVIEWS = YES;
				GENERATE_INFOPLIST_FILE = YES;
				INFOPLIST_KEY_UIApplicationSceneManifest_Generation = YES;
				INFOPLIST_KEY_UIApplicationSupportsIndirectInputEvents = YES;
				INFOPLIST_KEY_UILaunchScreen_Generation = YES;
				INFOPLIST_KEY_UISupportedInterfaceOrientations_iPad = "UIInterfaceOrientationPortrait UIInterfaceOrientationPortraitUpsideDown UIInterfaceOrientationLandscapeLeft UIInterfaceOrientationLandscapeRight";
				INFOPLIST_KEY_UISupportedInterfaceOrientations_iPhone = "UIInterfaceOrientationPortrait UIInterfaceOrientationLandscapeLeft UIInterfaceOrientationLandscapeRight";
				IPHONEOS_DEPLOYMENT_TARGET = 17.3;
				LD_RUNPATH_SEARCH_PATHS = (
					"$(inherited)",
					"@executable_path/Frameworks",
				);
				MARKETING_VERSION = 1.0;
				PRODUCT_BUNDLE_IDENTIFIER = com.latenightsw.MailDropper;
				PRODUCT_NAME = "$(TARGET_NAME)";
				SWIFT_EMIT_LOC_STRINGS = YES;
				SWIFT_VERSION = 5.0;
				TARGETED_DEVICE_FAMILY = "1,2";
			};
			name = Debug;
		};
		A517D7ED2B9F9EF0006F6544 /* Release */ = {
			isa = XCBuildConfiguration;
			buildSettings = {
				ASSETCATALOG_COMPILER_APPICON_NAME = AppIcon;
				ASSETCATALOG_COMPILER_GLOBAL_ACCENT_COLOR_NAME = AccentColor;
				CODE_SIGN_STYLE = Automatic;
				CURRENT_PROJECT_VERSION = 1;
				DEVELOPMENT_ASSET_PATHS = "\"MailDropper/Preview Content\"";
				DEVELOPMENT_TEAM = Z7S6X96M3X;
				ENABLE_PREVIEWS = YES;
				GENERATE_INFOPLIST_FILE = YES;
				INFOPLIST_KEY_UIApplicationSceneManifest_Generation = YES;
				INFOPLIST_KEY_UIApplicationSupportsIndirectInputEvents = YES;
				INFOPLIST_KEY_UILaunchScreen_Generation = YES;
				INFOPLIST_KEY_UISupportedInterfaceOrientations_iPad = "UIInterfaceOrientationPortrait UIInterfaceOrientationPortraitUpsideDown UIInterfaceOrientationLandscapeLeft UIInterfaceOrientationLandscapeRight";
				INFOPLIST_KEY_UISupportedInterfaceOrientations_iPhone = "UIInterfaceOrientationPortrait UIInterfaceOrientationLandscapeLeft UIInterfaceOrientationLandscapeRight";
				IPHONEOS_DEPLOYMENT_TARGET = 17.3;
				LD_RUNPATH_SEARCH_PATHS = (
					"$(inherited)",
					"@executable_path/Frameworks",
				);
				MARKETING_VERSION = 1.0;
				PRODUCT_BUNDLE_IDENTIFIER = com.latenightsw.MailDropper;
				PRODUCT_NAME = "$(TARGET_NAME)";
				SWIFT_EMIT_LOC_STRINGS = YES;
				SWIFT_VERSION = 5.0;
				TARGETED_DEVICE_FAMILY = "1,2";
			};
			name = Release;
		};
/* End XCBuildConfiguration section */

/* Begin XCConfigurationList section */
		A517D7D82B9F9EEF006F6544 /* Build configuration list for PBXProject "MailDropper" */ = {
			isa = XCConfigurationList;
			buildConfigurations = (
				A517D7E92B9F9EF0006F6544 /* Debug */,
				A517D7EA2B9F9EF0006F6544 /* Release */,
			);
			defaultConfigurationIsVisible = 0;
			defaultConfigurationName = Release;
		};
		A517D7EB2B9F9EF0006F6544 /* Build configuration list for PBXNativeTarget "MailDropper" */ = {
			isa = XCConfigurationList;
			buildConfigurations = (
				A517D7EC2B9F9EF0006F6544 /* Debug */,
				A517D7ED2B9F9EF0006F6544 /* Release */,
			);
			defaultConfigurationIsVisible = 0;
			defaultConfigurationName = Release;
		};
/* End XCConfigurationList section */

/* Begin XCRemoteSwiftPackageReference section */
		A517D7EE2B9FB498006F6544 /* XCRemoteSwiftPackageReference "MimeParser" */ = {
			isa = XCRemoteSwiftPackageReference;
			repositoryURL = "https://github.com/miximka/MimeParser.git";
			requirement = {
				kind = upToNextMajorVersion;
				minimumVersion = 0.2.5;
			};
		};
/* End XCRemoteSwiftPackageReference section */

/* Begin XCSwiftPackageProductDependency section */
		A517D7EF2B9FB498006F6544 /* MimeParser */ = {
			isa = XCSwiftPackageProductDependency;
			package = A517D7EE2B9FB498006F6544 /* XCRemoteSwiftPackageReference "MimeParser" */;
			productName = MimeParser;
		};
/* End XCSwiftPackageProductDependency section */
	};
	rootObject = A517D7D52B9F9EEF006F6544 /* Project object */;
}
